// !$*UTF8*$!
{
	archiveVersion = 1;
	classes = {
	};
	objectVersion = 77;
	objects = {

/* Begin PBXBuildFile section */
		1BC0FFEE0000000000000003 /* LoudnessBroadcast.appex in Embed Foundation Extensions */ = {isa = PBXBuildFile; fileRef = 1BC0FFEE0000000000000001 /* LoudnessBroadcast.appex */; settings = {ATTRIBUTES = (RemoveHeadersOnCopy, ); }; };
/* End PBXBuildFile section */

/* Begin PBXContainerItemProxy section */
		184F591A2E6ACF2000FBE038 /* PBXContainerItemProxy */ = {
			isa = PBXContainerItemProxy;
			containerPortal = 184F59042E6ACF1E00FBE038 /* Project object */;
			proxyType = 1;
			remoteGlobalIDString = 184F590B2E6ACF1E00FBE038;
			remoteInfo = HLSMonitor;
		};
		184F59242E6ACF2000FBE038 /* PBXContainerItemProxy */ = {
			isa = PBXContainerItemProxy;
			containerPortal = 184F59042E6ACF1E00FBE038 /* Project object */;
			proxyType = 1;
			remoteGlobalIDString = 184F590B2E6ACF1E00FBE038;
			remoteInfo = HLSMonitor;
		};
		1BC0FFEE000000000000000C /* PBXContainerItemProxy */ = {
			isa = PBXContainerItemProxy;
			containerPortal = 184F59042E6ACF1E00FBE038 /* Project object */;
			proxyType = 1;
			remoteGlobalIDString = 1BC0FFEE0000000000000004;
			remoteInfo = LoudnessBroadcast;
		};
/* End PBXContainerItemProxy section */

/* Begin PBXCopyFilesBuildPhase section */
		1BC0FFEE0000000000000002 /* Embed Foundation Extensions */ = {
			isa = PBXCopyFilesBuildPhase;
			buildActionMask = 2147483647;
			dstPath = "";
			dstSubfolderSpec = 13;
			files = (
				1BC0FFEE0000000000000003 /* LoudnessBroadcast.appex in Embed Foundation Extensions */,
			);
			name = "Embed Foundation Extensions";
			runOnlyForDeploymentPostprocessing = 0;
		};
/* End PBXCopyFilesBuildPhase section */

/* Begin PBXFileReference section */
		184F590C2E6ACF1E00FBE038 /* HLSMonitor.app */ = {isa = PBXFileReference; explicitFileType = wrapper.application; includeInIndex = 0; path = HLSMonitor.app; sourceTree = BUILT_PRODUCTS_DIR; };
		184F59192E6ACF2000FBE038 /* HLSMonitorTests.xctest */ = {isa = PBXFileReference; explicitFileType = wrapper.cfbundle; includeInIndex = 0; path = HLSMonitorTests.xctest; sourceTree = BUILT_PRODUCTS_DIR; };
		184F59232E6ACF2000FBE038 /* HLSMonitorUITests.xctest */ = {isa = PBXFileReference; explicitFileType = wrapper.cfbundle; includeInIndex = 0; path = HLSMonitorUITests.xctest; sourceTree = BUILT_PRODUCTS_DIR; };
		1BC0FFEE0000000000000001 /* LoudnessBroadcast.appex */ = {isa = PBXFileReference; explicitFileType = "wrapper.app-extension"; includeInIndex = 0; path = LoudnessBroadcast.appex; sourceTree = BUILT_PRODUCTS_DIR; };
/* End PBXFileReference section */

/* Begin PBXFileSystemSynchronizedBuildFileExceptionSet section */
		187AF0F92E828D1000505E98 /* Exceptions for "HLSMonitor" folder in "HLSMonitor" target */ = {
			isa = PBXFileSystemSynchronizedBuildFileExceptionSet;
			membershipExceptions = (
				Info.plist,
			);
			target = 184F590B2E6ACF1E00FBE038 /* HLSMonitor */;
		};
		1BC0FFEE000000000000000E /* Exceptions for "HLSMonitor" folder in "LoudnessBroadcast" target */ = {
			isa = PBXFileSystemSynchronizedBuildFileExceptionSet;
			membershipExceptions = (
				Monitor/LoudnessMeter.swift,
			);
			target = 1BC0FFEE0000000000000004 /* LoudnessBroadcast */;
		};
		1BC0FFEE000000000000000F /* Exceptions for "LoudnessBroadcast" folder in "LoudnessBroadcast" target */ = {
			isa = PBXFileSystemSynchronizedBuildFileExceptionSet;
			membershipExceptions = (
				Info.plist,
			);
			target = 1BC0FFEE0000000000000004 /* LoudnessBroadcast */;
		};
/* End PBXFileSystemSynchronizedBuildFileExceptionSet section */

/* Begin PBXFileSystemSynchronizedRootGroup section */
		184F590E2E6ACF1E00FBE038 /* HLSMonitor */ = {
			isa = PBXFileSystemSynchronizedRootGroup;
			exceptions = (
				187AF0F92E828D1000505E98 /* Exceptions for "HLSMonitor" folder in "HLSMonitor" target */,
				1BC0FFEE000000000000000E /* Exceptions for "HLSMonitor" folder in "LoudnessBroadcast" target */,
			);
			path = HLSMonitor;
			sourceTree = "<group>";
		};
		184F591C2E6ACF2000FBE038 /* HLSMonitorTests */ = {
			isa = PBXFileSystemSynchronizedRootGroup;
			path = HLSMonitorTests;
			sourceTree = "<group>";
		};
		184F59262E6ACF2000FBE038 /* HLSMonitorUITests */ = {
			isa = PBXFileSystemSynchronizedRootGroup;
			path = HLSMonitorUITests;
			sourceTree = "<group>";
		};
		1BC0FFEE000000000000000B /* LoudnessBroadcast */ = {
			isa = PBXFileSystemSynchronizedRootGroup;
			exceptions = (
				1BC0FFEE000000000000000F /* Exceptions for "LoudnessBroadcast" folder in "LoudnessBroadcast" target */,
			);
			path = LoudnessBroadcast;
			sourceTree = "<group>";
		};
/* End PBXFileSystemSynchronizedRootGroup section */

/* Begin PBXFrameworksBuildPhase section */
		184F59092E6ACF1E00FBE038 /* Frameworks */ = {
			isa = PBXFrameworksBuildPhase;
			buildActionMask = 2147483647;
			files = (
			);
			runOnlyForDeploymentPostprocessing = 0;
		};
		184F59162E6ACF2000FBE038 /* Frameworks */ = {
			isa = PBXFrameworksBuildPhase;
			buildActionMask = 2147483647;
			files = (
			);
			runOnlyForDeploymentPostprocessing = 0;
		};
		184F59202E6ACF2000FBE038 /* Frameworks */ = {
			isa = PBXFrameworksBuildPhase;
			buildActionMask = 2147483647;
			files = (
			);
			runOnlyForDeploymentPostprocessing = 0;
		};
		1BC0FFEE0000000000000009 /* Frameworks */ = {
			isa = PBXFrameworksBuildPhase;
			buildActionMask = 2147483647;
			files = (
			);
			runOnlyForDeploymentPostprocessing = 0;
		};
/* End PBXFrameworksBuildPhase section */

/* Begin PBXGroup section */
		184F59032E6ACF1E00FBE038 = {
			isa = PBXGroup;
			children = (
				184F590E2E6ACF1E00FBE038 /* HLSMonitor */,
				1BC0FFEE000000000000000B /* LoudnessBroadcast */,
				184F591C2E6ACF2000FBE038 /* HLSMonitorTests */,
				184F59262E6ACF2000FBE038 /* HLSMonitorUITests */,
				184F590D2E6ACF1E00FBE038 /* Products */,
			);
			sourceTree = "<group>";
		};
		184F590D2E6ACF1E00FBE038 /* Products */ = {
			isa = PBXGroup;
			children = (
				184F590C2E6ACF1E00FBE038 /* HLSMonitor.app */,
				1BC0FFEE0000000000000001 /* LoudnessBroadcast.appex */,
				184F59192E6ACF2000FBE038 /* HLSMonitorTests.xctest */,
				184F59232E6ACF2000FBE038 /* HLSMonitorUITests.xctest */,
			);
			name = Products;
			sourceTree = "<group>";
		};
/* End PBXGroup section */

/* Begin PBXNativeTarget section */
		184F590B2E6ACF1E00FBE038 /* HLSMonitor */ = {
			isa = PBXNativeTarget;
			buildConfigurationList = 184F592D2E6ACF2000FBE038 /* Build configuration list for PBXNativeTarget "HLSMonitor" */;
			buildPhases = (
				184F59082E6ACF1E00FBE038 /* Sources */,
				184F59092E6ACF1E00FBE038 /* Frameworks */,
				184F590A2E6ACF1E00FBE038 /* Resources */,
				1BC0FFEE0000000000000002 /* Embed Foundation Extensions */,
			);
			buildRules = (
			);
			dependencies = (
				1BC0FFEE000000000000000D /* PBXTargetDependency */,
			);
			fileSystemSynchronizedGroups = (
				184F590E2E6ACF1E00FBE038 /* HLSMonitor */,
			);
			name = HLSMonitor;
			packageProductDependencies = (
			);
			productName = HLSMonitor;
			productReference = 184F590C2E6ACF1E00FBE038 /* HLSMonitor.app */;
			productType = "com.apple.product-type.application";
		};
		184F59182E6ACF2000FBE038 /* HLSMonitorTests */ = {
			isa = PBXNativeTarget;
			buildConfigurationList = 184F59302E6ACF2000FBE038 /* Build configuration list for PBXNativeTarget "HLSMonitorTests" */;
			buildPhases = (
				184F59152E6ACF2000FBE038 /* Sources */,
				184F59162E6ACF2000FBE038 /* Frameworks */,
				184F59172E6ACF2000FBE038 /* Resources */,
			);
			buildRules = (
			);
			dependencies = (
				184F591B2E6ACF2000FBE038 /* PBXTargetDependency */,
			);
			fileSystemSynchronizedGroups = (
				184F591C2E6ACF2000FBE038 /* HLSMonitorTests */,
			);
			name = HLSMonitorTests;
			packageProductDependencies = (
			);
			productName = HLSMonitorTests;
			productReference = 184F59192E6ACF2000FBE038 /* HLSMonitorTests.xctest */;
			productType = "com.apple.product-type.bundle.unit-test";
		};
		184F59222E6ACF2000FBE038 /* HLSMonitorUITests */ = {
			isa = PBXNativeTarget;
			buildConfigurationList = 184F59332E6ACF2000FBE038 /* Build configuration list for PBXNativeTarget "HLSMonitorUITests" */;
			buildPhases = (
				184F591F2E6ACF2000FBE038 /* Sources */,
				184F59202E6ACF2000FBE038 /* Frameworks */,
				184F59212E6ACF2000FBE038 /* Resources */,
			);
			buildRules = (
			);
			dependencies = (
				184F59252E6ACF2000FBE038 /* PBXTargetDependency */,
			);
			fileSystemSynchronizedGroups = (
				184F59262E6ACF2000FBE038 /* HLSMonitorUITests */,
			);
			name = HLSMonitorUITests;
			packageProductDependencies = (
			);
			productName = HLSMonitorUITests;
			productReference = 184F59232E6ACF2000FBE038 /* HLSMonitorUITests.xctest */;
			productType = "com.apple.product-type.bundle.ui-testing";
		};
		1BC0FFEE0000000000000004 /* LoudnessBroadcast */ = {
			isa = PBXNativeTarget;
			buildConfigurationList = 1BC0FFEE0000000000000005 /* Build configuration list for PBXNativeTarget "LoudnessBroadcast" */;
			buildPhases = (
				1BC0FFEE0000000000000008 /* Sources */,
				1BC0FFEE0000000000000009 /* Frameworks */,
				1BC0FFEE000000000000000A /* Resources */,
			);
			buildRules = (
			);
			dependencies = (
			);
			fileSystemSynchronizedGroups = (
				1BC0FFEE000000000000000B /* LoudnessBroadcast */,
			);
			name = LoudnessBroadcast;
			packageProductDependencies = (
			);
			productName = LoudnessBroadcast;
			productReference = 1BC0FFEE0000000000000001 /* LoudnessBroadcast.appex */;
			productType = "com.apple.product-type.app-extension";
		};
/* End PBXNativeTarget section */

/* Begin PBXProject section */
		184F59042E6ACF1E00FBE038 /* Project object */ = {
			isa = PBXProject;
			attributes = {
				BuildIndependentTargetsInParallel = 1;
				LastSwiftUpdateCheck = 1640;
				LastUpgradeCheck = 1640;
				TargetAttributes = {
					184F590B2E6ACF1E00FBE038 = {
						CreatedOnToolsVersion = 16.4;
					};
					184F59182E6ACF2000FBE038 = {
						CreatedOnToolsVersion = 16.4;
						TestTargetID = 184F590B2E6ACF1E00FBE038;
					};
					184F59222E6ACF2000FBE038 = {
						CreatedOnToolsVersion = 16.4;
						TestTargetID = 184F590B2E6ACF1E00FBE038;
					};
				};
			};
			buildConfigurationList = 184F59072E6ACF1E00FBE038 /* Build configuration list for PBXProject "HLSMonitor" */;
			developmentRegion = en;
			hasScannedForEncodings = 0;
			knownRegions = (
				en,
				Base,
			);
			mainGroup = 184F59032E6ACF1E00FBE038;
			minimizedProjectReferenceProxies = 1;
			preferredProjectObjectVersion = 77;
			productRefGroup = 184F590D2E6ACF1E00FBE038 /* Products */;
			projectDirPath = "";
			projectRoot = "";
			targets = (
				184F590B2E6ACF1E00FBE038 /* HLSMonitor */,
				1BC0FFEE0000000000000004 /* LoudnessBroadcast */,
				184F59182E6ACF2000FBE038 /* HLSMonitorTests */,
				184F59222E6ACF2000FBE038 /* HLSMonitorUITests */,
			);
		};
/* End PBXProject section */

/* Begin PBXResourcesBuildPhase section */
		184F590A2E6ACF1E00FBE038 /* Resources */ = {
			isa = PBXResourcesBuildPhase;
			buildActionMask = 2147483647;
			files = (
			);
			runOnlyForDeploymentPostprocessing = 0;
		};
		184F59172E6ACF2000FBE038 /* Resources */ = {
			isa = PBXResourcesBuildPhase;
			buildActionMask = 2147483647;
			files = (
			);
			runOnlyForDeploymentPostprocessing = 0;
		};
		184F59212E6ACF2000FBE038 /* Resources */ = {
			isa = PBXResourcesBuildPhase;
			buildActionMask = 2147483647;
			files = (
			);
			runOnlyForDeploymentPostprocessing = 0;
		};
		1BC0FFEE000000000000000A /* Resources */ = {
			isa = PBXResourcesBuildPhase;
			buildActionMask = 2147483647;
			files = (
			);
			runOnlyForDeploymentPostprocessing = 0;
		};
/* End PBXResourcesBuildPhase section */

/* Begin PBXSourcesBuildPhase section */
		184F59082E6ACF1E00FBE038 /* Sources */ = {
			isa = PBXSourcesBuildPhase;
			buildActionMask = 2147483647;
			files = (
			);
			runOnlyForDeploymentPostprocessing = 0;
		};
		184F59152E6ACF2000FBE038 /* Sources */ = {
			isa = PBXSourcesBuildPhase;
			buildActionMask = 2147483647;
			files = (
			);
			runOnlyForDeploymentPostprocessing = 0;
		};
		184F591F2E6ACF2000FBE038 /* Sources */ = {
			isa = PBXSourcesBuildPhase;
			buildActionMask = 2147483647;
			files = (
			);
			runOnlyForDeploymentPostprocessing = 0;
		};
		1BC0FFEE0000000000000008 /* Sources */ = {
			isa = PBXSourcesBuildPhase;
			buildActionMask = 2147483647;
			files = (
			);
			runOnlyForDeploymentPostprocessing = 0;
		};
/* End PBXSourcesBuildPhase section */

/* Begin PBXTargetDependency section */
		184F591B2E6ACF2000FBE038 /* PBXTargetDependency */ = {
			isa = PBXTargetDependency;
			target = 184F590B2E6ACF1E00FBE038 /* HLSMonitor */;
			targetProxy = 184F591A2E6ACF2000FBE038 /* PBXContainerItemProxy */;
		};
		184F59252E6ACF2000FBE038 /* PBXTargetDependency */ = {
			isa = PBXTargetDependency;
			target = 184F590B2E6ACF1E00FBE038 /* HLSMonitor */;
			targetProxy = 184F59242E6ACF2000FBE038 /* PBXContainerItemProxy */;
		};
		1BC0FFEE000000000000000D /* PBXTargetDependency */ = {
			isa = PBXTargetDependency;
			target = 1BC0FFEE0000000000000004 /* LoudnessBroadcast */;
			targetProxy = 1BC0FFEE000000000000000C /* PBXContainerItemProxy */;
		};
/* End PBXTargetDependency section */

/* Begin XCBuildConfiguration section */
		184F592B2E6ACF2000FBE038 /* Debug */ = {
			isa = XCBuildConfiguration;
			buildSettings = {
				ALWAYS_SEARCH_USER_PATHS = NO;
				ASSETCATALOG_COMPILER_GENERATE_SWIFT_ASSET_SYMBOL_EXTENSIONS = YES;
				CLANG_ANALYZER_NONNULL = YES;
				CLANG_ANALYZER_NUMBER_OBJECT_CONVERSION = YES_AGGRESSIVE;
				CLANG_CXX_LANGUAGE_STANDARD = "gnu++20";
				CLANG_ENABLE_MODULES = YES;
				CLANG_ENABLE_OBJC_ARC = YES;
				CLANG_ENABLE_OBJC_WEAK = YES;
				CLANG_WARN_BLOCK_CAPTURE_AUTORELEASING = YES;
				CLANG_WARN_BOOL_CONVERSION = YES;
				CLANG_WARN_COMMA = YES;
				CLANG_WARN_CONSTANT_CONVERSION = YES;
				CLANG_WARN_DEPRECATED_OBJC_IMPLEMENTATIONS = YES;
				CLANG_WARN_DIRECT_OBJC_ISA_USAGE = YES_ERROR;
				CLANG_WARN_DOCUMENTATION_COMMENTS = YES;
				CLANG_WARN_EMPTY_BODY = YES;
				CLANG_WARN_ENUM_CONVERSION = YES;
				CLANG_WARN_INFINITE_RECURSION = YES;
				CLANG_WARN_INT_CONVERSION = YES;
				CLANG_WARN_NON_LITERAL_NULL_CONVERSION = YES;
				CLANG_WARN_OBJC_IMPLICIT_RETAIN_SELF = YES;
				CLANG_WARN_OBJC_LITERAL_CONVERSION = YES;
				CLANG_WARN_OBJC_ROOT_CLASS = YES_ERROR;
				CLANG_WARN_QUOTED_INCLUDE_IN_FRAMEWORK_HEADER = YES;
				CLANG_WARN_RANGE_LOOP_ANALYSIS = YES;
				CLANG_WARN_STRICT_PROTOTYPES = YES;
				CLANG_WARN_SUSPICIOUS_MOVE = YES;
				CLANG_WARN_UNGUARDED_AVAILABILITY = YES_AGGRESSIVE;
				CLANG_WARN_UNREACHABLE_CODE = YES;
				CLANG_WARN__DUPLICATE_METHOD_MATCH = YES;
				COPY_PHASE_STRIP = NO;
				DEBUG_INFORMATION_FORMAT = dwarf;
				DEVELOPMENT_TEAM = HVBAS84WPA;
				ENABLE_STRICT_OBJC_MSGSEND = YES;
				ENABLE_TESTABILITY = YES;
				ENABLE_USER_SCRIPT_SANDBOXING = YES;
				GCC_C_LANGUAGE_STANDARD = gnu17;
				GCC_DYNAMIC_NO_PIC = NO;
				GCC_NO_COMMON_BLOCKS = YES;
				GCC_OPTIMIZATION_LEVEL = 0;
				GCC_PREPROCESSOR_DEFINITIONS = (
					"DEBUG=1",
					"$(inherited)",
				);
				GCC_WARN_64_TO_32_BIT_CONVERSION = YES;
				GCC_WARN_ABOUT_RETURN_TYPE = YES_ERROR;
				GCC_WARN_UNDECLARED_SELECTOR = YES;
				GCC_WARN_UNINITIALIZED_AUTOS = YES_AGGRESSIVE;
				GCC_WARN_UNUSED_FUNCTION = YES;
				GCC_WARN_UNUSED_VARIABLE = YES;
				IPHONEOS_DEPLOYMENT_TARGET = 18.5;
				LOCALIZATION_PREFERS_STRING_CATALOGS = YES;
				MTL_ENABLE_DEBUG_INFO = INCLUDE_SOURCE;
				MTL_FAST_MATH = YES;
				ONLY_ACTIVE_ARCH = YES;
				SDKROOT = iphoneos;
				SWIFT_ACTIVE_COMPILATION_CONDITIONS = "DEBUG $(inherited)";
				SWIFT_OPTIMIZATION_LEVEL = "-Onone";
			};
			name = Debug;
		};
		184F592C2E6ACF2000FBE038 /* Release */ = {
			isa = XCBuildConfiguration;
			buildSettings = {
				ALWAYS_SEARCH_USER_PATHS = NO;
				ASSETCATALOG_COMPILER_GENERATE_SWIFT_ASSET_SYMBOL_EXTENSIONS = YES;
				CLANG_ANALYZER_NONNULL = YES;
				CLANG_ANALYZER_NUMBER_OBJECT_CONVERSION = YES_AGGRESSIVE;
				CLANG_CXX_LANGUAGE_STANDARD = "gnu++20";
				CLANG_ENABLE_MODULES = YES;
				CLANG_ENABLE_OBJC_ARC = YES;
				CLANG_ENABLE_OBJC_WEAK = YES;
				CLANG_WARN_BLOCK_CAPTURE_AUTORELEASING = YES;
				CLANG_WARN_BOOL_CONVERSION = YES;
				CLANG_WARN_COMMA = YES;
				CLANG_WARN_CONSTANT_CONVERSION = YES;
				CLANG_WARN_DEPRECATED_OBJC_IMPLEMENTATIONS = YES;
				CLANG_WARN_DIRECT_OBJC_ISA_USAGE = YES_ERROR;
				CLANG_WARN_DOCUMENTATION_COMMENTS = YES;
				CLANG_WARN_EMPTY_BODY = YES;
				CLANG_WARN_ENUM_CONVERSION = YES;
				CLANG_WARN_INFINITE_RECURSION = YES;
				CLANG_WARN_INT_CONVERSION = YES;
				CLANG_WARN_NON_LITERAL_NULL_CONVERSION = YES;
				CLANG_WARN_OBJC_IMPLICIT_RETAIN_SELF = YES;
				CLANG_WARN_OBJC_LITERAL_CONVERSION = YES;
				CLANG_WARN_OBJC_ROOT_CLASS = YES_ERROR;
				CLANG_WARN_QUOTED_INCLUDE_IN_FRAMEWORK_HEADER = YES;
				CLANG_WARN_RANGE_LOOP_ANALYSIS = YES;
				CLANG_WARN_STRICT_PROTOTYPES = YES;
				CLANG_WARN_SUSPICIOUS_MOVE = YES;
				CLANG_WARN_UNGUARDED_AVAILABILITY = YES_AGGRESSIVE;
				CLANG_WARN_UNREACHABLE_CODE = YES;
				CLANG_WARN__DUPLICATE_METHOD_MATCH = YES;
				COPY_PHASE_STRIP = NO;
				DEBUG_INFORMATION_FORMAT = "dwarf-with-dsym";
				DEVELOPMENT_TEAM = HVBAS84WPA;
				ENABLE_NS_ASSERTIONS = NO;
				ENABLE_STRICT_OBJC_MSGSEND = YES;
				ENABLE_USER_SCRIPT_SANDBOXING = YES;
				GCC_C_LANGUAGE_STANDARD = gnu17;
				GCC_NO_COMMON_BLOCKS = YES;
				GCC_WARN_64_TO_32_BIT_CONVERSION = YES;
				GCC_WARN_ABOUT_RETURN_TYPE = YES_ERROR;
				GCC_WARN_UNDECLARED_SELECTOR = YES;
				GCC_WARN_UNINITIALIZED_AUTOS = YES_AGGRESSIVE;
				GCC_WARN_UNUSED_FUNCTION = YES;
				GCC_WARN_UNUSED_VARIABLE = YES;
				IPHONEOS_DEPLOYMENT_TARGET = 18.5;
				LOCALIZATION_PREFERS_STRING_CATALOGS = YES;
				MTL_ENABLE_DEBUG_INFO = NO;
				MTL_FAST_MATH = YES;
				SDKROOT = iphoneos;
				SWIFT_COMPILATION_MODE = wholemodule;
				VALIDATE_PRODUCT = YES;
			};
			name = Release;
		};
		184F592E2E6ACF2000FBE038 /* Debug */ = {
			isa = XCBuildConfiguration;
			buildSettings = {
				ASSETCATALOG_COMPILER_APPICON_NAME = AppIcon;
				ASSETCATALOG_COMPILER_GLOBAL_ACCENT_COLOR_NAME = AccentColor;
				CODE_SIGN_ENTITLEMENTS = HLSMonitor/HLSMonitor.entitlements;
				CODE_SIGN_STYLE = Automatic;
				CURRENT_PROJECT_VERSION = 1;
				DEVELOPMENT_TEAM = K5U72ZNJ2W;
				ENABLE_PREVIEWS = YES;
				GENERATE_INFOPLIST_FILE = NO;
				INFOPLIST_FILE = HLSMonitor/Info.plist;
				INFOPLIST_KEY_UIApplicationSceneManifest_Generation = YES;
				INFOPLIST_KEY_UIApplicationSupportsIndirectInputEvents = YES;
				INFOPLIST_KEY_UILaunchScreen_Generation = YES;
				INFOPLIST_KEY_UISupportedInterfaceOrientations_iPad = "UIInterfaceOrientationPortrait UIInterfaceOrientationPortraitUpsideDown UIInterfaceOrientationLandscapeLeft UIInterfaceOrientationLandscapeRight";
				INFOPLIST_KEY_UISupportedInterfaceOrientations_iPhone = "UIInterfaceOrientationPortrait UIInterfaceOrientationLandscapeLeft UIInterfaceOrientationLandscapeRight";
				LD_RUNPATH_SEARCH_PATHS = (
					"$(inherited)",
					"@executable_path/Frameworks",
				);
				MARKETING_VERSION = 1.0;
				PRODUCT_BUNDLE_IDENTIFIER = com.kindlyops.HLSMonitor;
				PRODUCT_NAME = "$(TARGET_NAME)";
				SUPPORTED_PLATFORMS = "iphoneos iphonesimulator";
				SUPPORTS_MACCATALYST = NO;
				SUPPORTS_MAC_DESIGNED_FOR_IPHONE_IPAD = NO;
				SUPPORTS_XR_DESIGNED_FOR_IPHONE_IPAD = NO;
				SWIFT_EMIT_LOC_STRINGS = YES;
				SWIFT_VERSION = 5.0;
				TARGETED_DEVICE_FAMILY = "1,2";
			};
			name = Debug;
		};
		184F592F2E6ACF2000FBE038 /* Release */ = {
			isa = XCBuildConfiguration;
			buildSettings = {
				ASSETCATALOG_COMPILER_APPICON_NAME = AppIcon;
				ASSETCATALOG_COMPILER_GLOBAL_ACCENT_COLOR_NAME = AccentColor;
				CODE_SIGN_ENTITLEMENTS = HLSMonitor/HLSMonitor.entitlements;
				CODE_SIGN_STYLE = Automatic;
				CURRENT_PROJECT_VERSION = 1;
				DEVELOPMENT_TEAM = K5U72ZNJ2W;
				ENABLE_PREVIEWS = YES;
				GENERATE_INFOPLIST_FILE = NO;
				INFOPLIST_FILE = HLSMonitor/Info.plist;
				INFOPLIST_KEY_UIApplicationSceneManifest_Generation = YES;
				INFOPLIST_KEY_UIApplicationSupportsIndirectInputEvents = YES;
				INFOPLIST_KEY_UILaunchScreen_Generation = YES;
				INFOPLIST_KEY_UISupportedInterfaceOrientations_iPad = "UIInterfaceOrientationPortrait UIInterfaceOrientationPortraitUpsideDown UIInterfaceOrientationLandscapeLeft UIInterfaceOrientationLandscapeRight";
				INFOPLIST_KEY_UISupportedInterfaceOrientations_iPhone = "UIInterfaceOrientationPortrait UIInterfaceOrientationLandscapeLeft UIInterfaceOrientationLandscapeRight";
				LD_RUNPATH_SEARCH_PATHS = (
					"$(inherited)",
					"@executable_path/Frameworks",
				);
				MARKETING_VERSION = 1.0;
				PRODUCT_BUNDLE_IDENTIFIER = com.kindlyops.HLSMonitor;
				PRODUCT_NAME = "$(TARGET_NAME)";
				SUPPORTED_PLATFORMS = "iphoneos iphonesimulator";
				SUPPORTS_MACCATALYST = NO;
				SUPPORTS_MAC_DESIGNED_FOR_IPHONE_IPAD = NO;
				SUPPORTS_XR_DESIGNED_FOR_IPHONE_IPAD = NO;
				SWIFT_EMIT_LOC_STRINGS = YES;
				SWIFT_VERSION = 5.0;
				TARGETED_DEVICE_FAMILY = "1,2";
			};
			name = Release;
		};
		184F59312E6ACF2000FBE038 /* Debug */ = {
			isa = XCBuildConfiguration;
			buildSettings = {
				BUNDLE_LOADER = "$(TEST_HOST)";
				CODE_SIGN_STYLE = Automatic;
				CURRENT_PROJECT_VERSION = 1;
				DEVELOPMENT_TEAM = HVBAS84WPA;
				GENERATE_INFOPLIST_FILE = YES;
				IPHONEOS_DEPLOYMENT_TARGET = 18.5;
				MARKETING_VERSION = 1.0;
				PRODUCT_BUNDLE_IDENTIFIER = com.organizationName.HLSMonitorTests;
				PRODUCT_NAME = "$(TARGET_NAME)";
				SWIFT_EMIT_LOC_STRINGS = NO;
				SWIFT_VERSION = 5.0;
				TARGETED_DEVICE_FAMILY = "1,2";
				TEST_HOST = "$(BUILT_PRODUCTS_DIR)/HLSMonitor.app/$(BUNDLE_EXECUTABLE_FOLDER_PATH)/HLSMonitor";
			};
			name = Debug;
		};
		184F59322E6ACF2000FBE038 /* Release */ = {
			isa = XCBuildConfiguration;
			buildSettings = {
				BUNDLE_LOADER = "$(TEST_HOST)";
				CODE_SIGN_STYLE = Automatic;
				CURRENT_PROJECT_VERSION = 1;
				DEVELOPMENT_TEAM = HVBAS84WPA;
				GENERATE_INFOPLIST_FILE = YES;
				IPHONEOS_DEPLOYMENT_TARGET = 18.5;
				MARKETING_VERSION = 1.0;
				PRODUCT_BUNDLE_IDENTIFIER = com.organizationName.HLSMonitorTests;
				PRODUCT_NAME = "$(TARGET_NAME)";
				SWIFT_EMIT_LOC_STRINGS = NO;
				SWIFT_VERSION = 5.0;
				TARGETED_DEVICE_FAMILY = "1,2";
				TEST_HOST = "$(BUILT_PRODUCTS_DIR)/HLSMonitor.app/$(BUNDLE_EXECUTABLE_FOLDER_PATH)/HLSMonitor";
			};
			name = Release;
		};
		184F59342E6ACF2000FBE038 /* Debug */ = {
			isa = XCBuildConfiguration;
			buildSettings = {
				CODE_SIGN_STYLE = Automatic;
				CURRENT_PROJECT_VERSION = 1;
				DEVELOPMENT_TEAM = HVBAS84WPA;
				GENERATE_INFOPLIST_FILE = YES;
				MARKETING_VERSION = 1.0;
				PRODUCT_BUNDLE_IDENTIFIER = com.organizationName.HLSMonitorUITests;
				PRODUCT_NAME = "$(TARGET_NAME)";
				SWIFT_EMIT_LOC_STRINGS = NO;
				SWIFT_VERSION = 5.0;
				TARGETED_DEVICE_FAMILY = "1,2";
				TEST_TARGET_NAME = HLSMonitor;
			};
			name = Debug;
		};
		184F59352E6ACF2000FBE038 /* Release */ = {
			isa = XCBuildConfiguration;
			buildSettings = {
				CODE_SIGN_STYLE = Automatic;
				CURRENT_PROJECT_VERSION = 1;
				DEVELOPMENT_TEAM = HVBAS84WPA;
				GENERATE_INFOPLIST_FILE = YES;
				MARKETING_VERSION = 1.0;
				PRODUCT_BUNDLE_IDENTIFIER = com.organizationName.HLSMonitorUITests;
				PRODUCT_NAME = "$(TARGET_NAME)";
				SWIFT_EMIT_LOC_STRINGS = NO;
				SWIFT_VERSION = 5.0;
				TARGETED_DEVICE_FAMILY = "1,2";
				TEST_TARGET_NAME = HLSMonitor;
			};
			name = Release;
		};
		1BC0FFEE0000000000000006 /* Debug */ = {
			isa = XCBuildConfiguration;
			buildSettings = {
				CODE_SIGN_ENTITLEMENTS = LoudnessBroadcast/LoudnessBroadcast.entitlements;
				CODE_SIGN_STYLE = Automatic;
				CURRENT_PROJECT_VERSION = 1;
				DEVELOPMENT_TEAM = K5U72ZNJ2W;
				GENERATE_INFOPLIST_FILE = YES;
				INFOPLIST_FILE = LoudnessBroadcast/Info.plist;
				INFOPLIST_KEY_CFBundleDisplayName = "HLSMonitor Loudness";
				LD_RUNPATH_SEARCH_PATHS = (
					"$(inherited)",
					"@executable_path/Frameworks",
					"@executable_path/../../Frameworks",
				);
				MARKETING_VERSION = 1.0;
				PRODUCT_BUNDLE_IDENTIFIER = com.kindlyops.HLSMonitor.LoudnessBroadcast;
				PRODUCT_NAME = "$(TARGET_NAME)";
				SKIP_INSTALL = YES;
				SUPPORTED_PLATFORMS = "iphoneos iphonesimulator";
				SWIFT_EMIT_LOC_STRINGS = YES;
				SWIFT_VERSION = 5.0;
				TARGETED_DEVICE_FAMILY = "1,2";
			};
			name = Debug;
		};
		1BC0FFEE0000000000000007 /* Release */ = {
			isa = XCBuildConfiguration;
			buildSettings = {
				CODE_SIGN_ENTITLEMENTS = LoudnessBroadcast/LoudnessBroadcast.entitlements;
				CODE_SIGN_STYLE = Automatic;
				CURRENT_PROJECT_VERSION = 1;
				DEVELOPMENT_TEAM = K5U72ZNJ2W;
				GENERATE_INFOPLIST_FILE = YES;
				INFOPLIST_FILE = LoudnessBroadcast/Info.plist;
				INFOPLIST_KEY_CFBundleDisplayName = "HLSMonitor Loudness";
				LD_RUNPATH_SEARCH_PATHS = (
					"$(inherited)",
					"@executable_path/Frameworks",
					"@executable_path/../../Frameworks",
				);
				MARKETING_VERSION = 1.0;
				PRODUCT_BUNDLE_IDENTIFIER = com.kindlyops.HLSMonitor.LoudnessBroadcast;
				PRODUCT_NAME = "$(TARGET_NAME)";
				SKIP_INSTALL = YES;
				SUPPORTED_PLATFORMS = "iphoneos iphonesimulator";
				SWIFT_EMIT_LOC_STRINGS = YES;
				SWIFT_VERSION = 5.0;
				TARGETED_DEVICE_FAMILY = "1,2";
			};
			name = Release;
		};
/* End XCBuildConfiguration section */

/* Begin XCConfigurationList section */
		184F59072E6ACF1E00FBE038 /* Build configuration list for PBXProject "HLSMonitor" */ = {
			isa = XCConfigurationList;
			buildConfigurations = (
				184F592B2E6ACF2000FBE038 /* Debug */,
				184F592C2E6ACF2000FBE038 /* Release */,
			);
			defaultConfigurationIsVisible = 0;
			defaultConfigurationName = Release;
		};
		184F592D2E6ACF2000FBE038 /* Build configuration list for PBXNativeTarget "HLSMonitor" */ = {
			isa = XCConfigurationList;
			buildConfigurations = (
				184F592E2E6ACF2000FBE038 /* Debug */,
				184F592F2E6ACF2000FBE038 /* Release */,
			);
			defaultConfigurationIsVisible = 0;
			defaultConfigurationName = Release;
		};
		184F59302E6ACF2000FBE038 /* Build configuration list for PBXNativeTarget "HLSMonitorTests" */ = {
			isa = XCConfigurationList;
			buildConfigurations = (
				184F59312E6ACF2000FBE038 /* Debug */,
				184F59322E6ACF2000FBE038 /* Release */,
			);
			defaultConfigurationIsVisible = 0;
			defaultConfigurationName = Release;
		};
		184F59332E6ACF2000FBE038 /* Build configuration list for PBXNativeTarget "HLSMonitorUITests" */ = {
			isa = XCConfigurationList;
			buildConfigurations = (
				184F59342E6ACF2000FBE038 /* Debug */,
				184F59352E6ACF2000FBE038 /* Release */,
			);
			defaultConfigurationIsVisible = 0;
			defaultConfigurationName = Release;
		};
		1BC0FFEE0000000000000005 /* Build configuration list for PBXNativeTarget "LoudnessBroadcast" */ = {
			isa = XCConfigurationList;
			buildConfigurations = (
				1BC0FFEE0000000000000006 /* Debug */,
				1BC0FFEE0000000000000007 /* Release */,
			);
			defaultConfigurationIsVisible = 0;
			defaultConfigurationName = Release;
		};
/* End XCConfigurationList section */
	};
	rootObject = 184F59042E6ACF1E00FBE038 /* Project object */;
}
